// !$*UTF8*$!
{
	archiveVersion = 1;
	classes = {
	};
	objectVersion = 46;
	objects = {

/* Begin PBXBuildFile section */
		7B884A6E1DBED18900357290 /* AppDelegate.swift in Sources */ = {isa = PBXBuildFile; fileRef = 7B884A6D1DBED18900357290 /* AppDelegate.swift */; };
		7B884A731DBED18900357290 /* Main.storyboard in Resources */ = {isa = PBXBuildFile; fileRef = 7B884A711DBED18900357290 /* Main.storyboard */; };
		7B884A751DBED18900357290 /* Assets.xcassets in Resources */ = {isa = PBXBuildFile; fileRef = 7B884A741DBED18900357290 /* Assets.xcassets */; };
		7B884A781DBED18900357290 /* LaunchScreen.storyboard in Resources */ = {isa = PBXBuildFile; fileRef = 7B884A761DBED18900357290 /* LaunchScreen.storyboard */; };
		7B884A831DBED18900357290 /* TacoPOPTests.swift in Sources */ = {isa = PBXBuildFile; fileRef = 7B884A821DBED18900357290 /* TacoPOPTests.swift */; };
		7B884A941DBED34100357290 /* MainViewController.swift in Sources */ = {isa = PBXBuildFile; fileRef = 7B884A931DBED34100357290 /* MainViewController.swift */; };
		7B884A961DBED4C100357290 /* DropShadow.swift in Sources */ = {isa = PBXBuildFile; fileRef = 7B884A951DBED4C100357290 /* DropShadow.swift */; };
		7B884A981DBED59A00357290 /* HeaderView.swift in Sources */ = {isa = PBXBuildFile; fileRef = 7B884A971DBED59A00357290 /* HeaderView.swift */; };
		7B884A9A1DBED71B00357290 /* Taco.swift in Sources */ = {isa = PBXBuildFile; fileRef = 7B884A991DBED71B00357290 /* Taco.swift */; };
		7B884A9C1DBEDBA200357290 /* DataService.swift in Sources */ = {isa = PBXBuildFile; fileRef = 7B884A9B1DBEDBA200357290 /* DataService.swift */; };
		7B884A9E1DBEDC2500357290 /* TacoPOPData.csv in Resources */ = {isa = PBXBuildFile; fileRef = 7B884A9D1DBEDC2500357290 /* TacoPOPData.csv */; };
		7B884AA11DBEDF9500357290 /* TacoCell.swift in Sources */ = {isa = PBXBuildFile; fileRef = 7B884A9F1DBEDF9500357290 /* TacoCell.swift */; };
		7B884AA21DBEDF9500357290 /* TacoCell.xib in Resources */ = {isa = PBXBuildFile; fileRef = 7B884AA01DBEDF9500357290 /* TacoCell.xib */; };
		7B884AA41DBEE51500357290 /* ReusableView.swift in Sources */ = {isa = PBXBuildFile; fileRef = 7B884AA31DBEE51500357290 /* ReusableView.swift */; };
		7B884AA61DBEE5B300357290 /* NibLoadableView.swift in Sources */ = {isa = PBXBuildFile; fileRef = 7B884AA51DBEE5B300357290 /* NibLoadableView.swift */; };
		7B884AA81DBEE64200357290 /* UICollectionViewExtension.swift in Sources */ = {isa = PBXBuildFile; fileRef = 7B884AA71DBEE64200357290 /* UICollectionViewExtension.swift */; };
		7B884AAA1DBEEF2C00357290 /* MutableCollectionExtension.swift in Sources */ = {isa = PBXBuildFile; fileRef = 7B884AA91DBEEF2C00357290 /* MutableCollectionExtension.swift */; };
		7B884AAC1DBEF13D00357290 /* Shakeable.swift in Sources */ = {isa = PBXBuildFile; fileRef = 7B884AAB1DBEF13D00357290 /* Shakeable.swift */; };
/* End PBXBuildFile section */

/* Begin PBXContainerItemProxy section */
		7B884A7F1DBED18900357290 /* PBXContainerItemProxy */ = {
			isa = PBXContainerItemProxy;
			containerPortal = 7B884A621DBED18900357290 /* Project object */;
			proxyType = 1;
			remoteGlobalIDString = 7B884A691DBED18900357290;
			remoteInfo = TacoPOP;
		};
/* End PBXContainerItemProxy section */

/* Begin PBXFileReference section */
		7B884A6A1DBED18900357290 /* TacoPOP.app */ = {isa = PBXFileReference; explicitFileType = wrapper.application; includeInIndex = 0; path = TacoPOP.app; sourceTree = BUILT_PRODUCTS_DIR; };
		7B884A6D1DBED18900357290 /* AppDelegate.swift */ = {isa = PBXFileReference; lastKnownFileType = sourcecode.swift; path = AppDelegate.swift; sourceTree = "<group>"; };
		7B884A721DBED18900357290 /* Base */ = {isa = PBXFileReference; lastKnownFileType = file.storyboard; name = Base; path = Base.lproj/Main.storyboard; sourceTree = "<group>"; };
		7B884A741DBED18900357290 /* Assets.xcassets */ = {isa = PBXFileReference; lastKnownFileType = folder.assetcatalog; path = Assets.xcassets; sourceTree = "<group>"; };
		7B884A771DBED18900357290 /* Base */ = {isa = PBXFileReference; lastKnownFileType = file.storyboard; name = Base; path = Base.lproj/LaunchScreen.storyboard; sourceTree = "<group>"; };
		7B884A791DBED18900357290 /* Info.plist */ = {isa = PBXFileReference; lastKnownFileType = text.plist.xml; path = Info.plist; sourceTree = "<group>"; };
		7B884A7E1DBED18900357290 /* TacoPOPTests.xctest */ = {isa = PBXFileReference; explicitFileType = wrapper.cfbundle; includeInIndex = 0; path = TacoPOPTests.xctest; sourceTree = BUILT_PRODUCTS_DIR; };
		7B884A821DBED18900357290 /* TacoPOPTests.swift */ = {isa = PBXFileReference; lastKnownFileType = sourcecode.swift; path = TacoPOPTests.swift; sourceTree = "<group>"; };
		7B884A841DBED18900357290 /* Info.plist */ = {isa = PBXFileReference; lastKnownFileType = text.plist.xml; path = Info.plist; sourceTree = "<group>"; };
		7B884A931DBED34100357290 /* MainViewController.swift */ = {isa = PBXFileReference; fileEncoding = 4; lastKnownFileType = sourcecode.swift; path = MainViewController.swift; sourceTree = "<group>"; };
		7B884A951DBED4C100357290 /* DropShadow.swift */ = {isa = PBXFileReference; fileEncoding = 4; lastKnownFileType = sourcecode.swift; path = DropShadow.swift; sourceTree = "<group>"; };
		7B884A971DBED59A00357290 /* HeaderView.swift */ = {isa = PBXFileReference; fileEncoding = 4; lastKnownFileType = sourcecode.swift; path = HeaderView.swift; sourceTree = "<group>"; };
		7B884A991DBED71B00357290 /* Taco.swift */ = {isa = PBXFileReference; fileEncoding = 4; lastKnownFileType = sourcecode.swift; path = Taco.swift; sourceTree = "<group>"; };
		7B884A9B1DBEDBA200357290 /* DataService.swift */ = {isa = PBXFileReference; fileEncoding = 4; lastKnownFileType = sourcecode.swift; path = DataService.swift; sourceTree = "<group>"; };
		7B884A9D1DBEDC2500357290 /* TacoPOPData.csv */ = {isa = PBXFileReference; fileEncoding = 4; lastKnownFileType = text; path = TacoPOPData.csv; sourceTree = "<group>"; };
		7B884A9F1DBEDF9500357290 /* TacoCell.swift */ = {isa = PBXFileReference; fileEncoding = 4; lastKnownFileType = sourcecode.swift; path = TacoCell.swift; sourceTree = "<group>"; };
		7B884AA01DBEDF9500357290 /* TacoCell.xib */ = {isa = PBXFileReference; fileEncoding = 4; lastKnownFileType = file.xib; path = TacoCell.xib; sourceTree = "<group>"; };
		7B884AA31DBEE51500357290 /* ReusableView.swift */ = {isa = PBXFileReference; fileEncoding = 4; lastKnownFileType = sourcecode.swift; path = ReusableView.swift; sourceTree = "<group>"; };
		7B884AA51DBEE5B300357290 /* NibLoadableView.swift */ = {isa = PBXFileReference; fileEncoding = 4; lastKnownFileType = sourcecode.swift; path = NibLoadableView.swift; sourceTree = "<group>"; };
		7B884AA71DBEE64200357290 /* UICollectionViewExtension.swift */ = {isa = PBXFileReference; fileEncoding = 4; lastKnownFileType = sourcecode.swift; path = UICollectionViewExtension.swift; sourceTree = "<group>"; };
		7B884AA91DBEEF2C00357290 /* MutableCollectionExtension.swift */ = {isa = PBXFileReference; fileEncoding = 4; lastKnownFileType = sourcecode.swift; path = MutableCollectionExtension.swift; sourceTree = "<group>"; };
		7B884AAB1DBEF13D00357290 /* Shakeable.swift */ = {isa = PBXFileReference; fileEncoding = 4; lastKnownFileType = sourcecode.swift; path = Shakeable.swift; sourceTree = "<group>"; };
/* End PBXFileReference section */

/* Begin PBXFrameworksBuildPhase section */
		7B884A671DBED18900357290 /* Frameworks */ = {
			isa = PBXFrameworksBuildPhase;
			buildActionMask = 2147483647;
			files = (
			);
			runOnlyForDeploymentPostprocessing = 0;
		};
		7B884A7B1DBED18900357290 /* Frameworks */ = {
			isa = PBXFrameworksBuildPhase;
			buildActionMask = 2147483647;
			files = (
			);
			runOnlyForDeploymentPostprocessing = 0;
		};
/* End PBXFrameworksBuildPhase section */

/* Begin PBXGroup section */
		7B884A611DBED18900357290 = {
			isa = PBXGroup;
			children = (
				7B884A6C1DBED18900357290 /* TacoPOP */,
				7B884A811DBED18900357290 /* TacoPOPTests */,
				7B884A6B1DBED18900357290 /* Products */,
			);
			sourceTree = "<group>";
		};
		7B884A6B1DBED18900357290 /* Products */ = {
			isa = PBXGroup;
			children = (
				7B884A6A1DBED18900357290 /* TacoPOP.app */,
				7B884A7E1DBED18900357290 /* TacoPOPTests.xctest */,
			);
			name = Products;
			sourceTree = "<group>";
		};
		7B884A6C1DBED18900357290 /* TacoPOP */ = {
			isa = PBXGroup;
			children = (
				7B884A911DBED2CC00357290 /* Extensions */,
				7B884A921DBED2D200357290 /* Protocols */,
				7B884A8F1DBED2B600357290 /* Model */,
				7B884A8E1DBED2B200357290 /* View */,
				7B884A8D1DBED2AC00357290 /* Controller */,
				7B884A901DBED2BD00357290 /* Resources */,
			);
			path = TacoPOP;
			sourceTree = "<group>";
		};
		7B884A811DBED18900357290 /* TacoPOPTests */ = {
			isa = PBXGroup;
			children = (
				7B884A821DBED18900357290 /* TacoPOPTests.swift */,
				7B884A841DBED18900357290 /* Info.plist */,
			);
			path = TacoPOPTests;
			sourceTree = "<group>";
		};
		7B884A8D1DBED2AC00357290 /* Controller */ = {
			isa = PBXGroup;
			children = (
				7B884A6D1DBED18900357290 /* AppDelegate.swift */,
				7B884A931DBED34100357290 /* MainViewController.swift */,
			);
			name = Controller;
			sourceTree = "<group>";
		};
		7B884A8E1DBED2B200357290 /* View */ = {
			isa = PBXGroup;
			children = (
				7B884A761DBED18900357290 /* LaunchScreen.storyboard */,
				7B884A711DBED18900357290 /* Main.storyboard */,
				7B884A971DBED59A00357290 /* HeaderView.swift */,
				7B884A9F1DBEDF9500357290 /* TacoCell.swift */,
				7B884AA01DBEDF9500357290 /* TacoCell.xib */,
			);
			name = View;
			sourceTree = "<group>";
		};
		7B884A8F1DBED2B600357290 /* Model */ = {
			isa = PBXGroup;
			children = (
				7B884A991DBED71B00357290 /* Taco.swift */,
				7B884A9B1DBEDBA200357290 /* DataService.swift */,
			);
			name = Model;
			sourceTree = "<group>";
		};
		7B884A901DBED2BD00357290 /* Resources */ = {
			isa = PBXGroup;
			children = (
				7B884A741DBED18900357290 /* Assets.xcassets */,
				7B884A791DBED18900357290 /* Info.plist */,
				7B884A9D1DBEDC2500357290 /* TacoPOPData.csv */,
			);
			name = Resources;
			sourceTree = "<group>";
		};
		7B884A911DBED2CC00357290 /* Extensions */ = {
			isa = PBXGroup;
			children = (
				7B884AA71DBEE64200357290 /* UICollectionViewExtension.swift */,
				7B884AA91DBEEF2C00357290 /* MutableCollectionExtension.swift */,
			);
			name = Extensions;
			sourceTree = "<group>";
		};
		7B884A921DBED2D200357290 /* Protocols */ = {
			isa = PBXGroup;
			children = (
				7B884A951DBED4C100357290 /* DropShadow.swift */,
				7B884AA31DBEE51500357290 /* ReusableView.swift */,
				7B884AA51DBEE5B300357290 /* NibLoadableView.swift */,
				7B884AAB1DBEF13D00357290 /* Shakeable.swift */,
			);
			name = Protocols;
			sourceTree = "<group>";
		};
/* End PBXGroup section */

/* Begin PBXNativeTarget section */
		7B884A691DBED18900357290 /* TacoPOP */ = {
			isa = PBXNativeTarget;
			buildConfigurationList = 7B884A871DBED18900357290 /* Build configuration list for PBXNativeTarget "TacoPOP" */;
			buildPhases = (
				7B884A661DBED18900357290 /* Sources */,
				7B884A671DBED18900357290 /* Frameworks */,
				7B884A681DBED18900357290 /* Resources */,
			);
			buildRules = (
			);
			dependencies = (
			);
			name = TacoPOP;
			productName = TacoPOP;
			productReference = 7B884A6A1DBED18900357290 /* TacoPOP.app */;
			productType = "com.apple.product-type.application";
		};
		7B884A7D1DBED18900357290 /* TacoPOPTests */ = {
			isa = PBXNativeTarget;
			buildConfigurationList = 7B884A8A1DBED18900357290 /* Build configuration list for PBXNativeTarget "TacoPOPTests" */;
			buildPhases = (
				7B884A7A1DBED18900357290 /* Sources */,
				7B884A7B1DBED18900357290 /* Frameworks */,
				7B884A7C1DBED18900357290 /* Resources */,
			);
			buildRules = (
			);
			dependencies = (
				7B884A801DBED18900357290 /* PBXTargetDependency */,
			);
			name = TacoPOPTests;
			productName = TacoPOPTests;
			productReference = 7B884A7E1DBED18900357290 /* TacoPOPTests.xctest */;
			productType = "com.apple.product-type.bundle.unit-test";
		};
/* End PBXNativeTarget section */

/* Begin PBXProject section */
		7B884A621DBED18900357290 /* Project object */ = {
			isa = PBXProject;
			attributes = {
				LastSwiftUpdateCheck = 0800;
				LastUpgradeCheck = 0800;
				ORGANIZATIONNAME = "Steven Yang";
				TargetAttributes = {
					7B884A691DBED18900357290 = {
						CreatedOnToolsVersion = 8.0;
						DevelopmentTeam = TP9E7CXU62;
						ProvisioningStyle = Automatic;
					};
					7B884A7D1DBED18900357290 = {
						CreatedOnToolsVersion = 8.0;
						DevelopmentTeam = TP9E7CXU62;
						ProvisioningStyle = Automatic;
						TestTargetID = 7B884A691DBED18900357290;
					};
				};
			};
			buildConfigurationList = 7B884A651DBED18900357290 /* Build configuration list for PBXProject "TacoPOP" */;
			compatibilityVersion = "Xcode 3.2";
			developmentRegion = English;
			hasScannedForEncodings = 0;
			knownRegions = (
				en,
				Base,
			);
			mainGroup = 7B884A611DBED18900357290;
			productRefGroup = 7B884A6B1DBED18900357290 /* Products */;
			projectDirPath = "";
			projectRoot = "";
			targets = (
				7B884A691DBED18900357290 /* TacoPOP */,
				7B884A7D1DBED18900357290 /* TacoPOPTests */,
			);
		};
/* End PBXProject section */

/* Begin PBXResourcesBuildPhase section */
		7B884A681DBED18900357290 /* Resources */ = {
			isa = PBXResourcesBuildPhase;
			buildActionMask = 2147483647;
			files = (
				7B884A781DBED18900357290 /* LaunchScreen.storyboard in Resources */,
				7B884A9E1DBEDC2500357290 /* TacoPOPData.csv in Resources */,
				7B884AA21DBEDF9500357290 /* TacoCell.xib in Resources */,
				7B884A751DBED18900357290 /* Assets.xcassets in Resources */,
				7B884A731DBED18900357290 /* Main.storyboard in Resources */,
			);
			runOnlyForDeploymentPostprocessing = 0;
		};
		7B884A7C1DBED18900357290 /* Resources */ = {
			isa = PBXResourcesBuildPhase;
			buildActionMask = 2147483647;
			files = (
			);
			runOnlyForDeploymentPostprocessing = 0;
		};
/* End PBXResourcesBuildPhase section */

/* Begin PBXSourcesBuildPhase section */
		7B884A661DBED18900357290 /* Sources */ = {
			isa = PBXSourcesBuildPhase;
			buildActionMask = 2147483647;
			files = (
				7B884A6E1DBED18900357290 /* AppDelegate.swift in Sources */,
				7B884AAA1DBEEF2C00357290 /* MutableCollectionExtension.swift in Sources */,
				7B884AA11DBEDF9500357290 /* TacoCell.swift in Sources */,
				7B884A961DBED4C100357290 /* DropShadow.swift in Sources */,
				7B884AA61DBEE5B300357290 /* NibLoadableView.swift in Sources */,
				7B884AA81DBEE64200357290 /* UICollectionViewExtension.swift in Sources */,
				7B884AA41DBEE51500357290 /* ReusableView.swift in Sources */,
				7B884A941DBED34100357290 /* MainViewController.swift in Sources */,
				7B884A9C1DBEDBA200357290 /* DataService.swift in Sources */,
				7B884A9A1DBED71B00357290 /* Taco.swift in Sources */,
				7B884AAC1DBEF13D00357290 /* Shakeable.swift in Sources */,
				7B884A981DBED59A00357290 /* HeaderView.swift in Sources */,
			);
			runOnlyForDeploymentPostprocessing = 0;
		};
		7B884A7A1DBED18900357290 /* Sources */ = {
			isa = PBXSourcesBuildPhase;
			buildActionMask = 2147483647;
			files = (
				7B884A831DBED18900357290 /* TacoPOPTests.swift in Sources */,
			);
			runOnlyForDeploymentPostprocessing = 0;
		};
/* End PBXSourcesBuildPhase section */

/* Begin PBXTargetDependency section */
		7B884A801DBED18900357290 /* PBXTargetDependency */ = {
			isa = PBXTargetDependency;
			target = 7B884A691DBED18900357290 /* TacoPOP */;
			targetProxy = 7B884A7F1DBED18900357290 /* PBXContainerItemProxy */;
		};
/* End PBXTargetDependency section */

/* Begin PBXVariantGroup section */
		7B884A711DBED18900357290 /* Main.storyboard */ = {
			isa = PBXVariantGroup;
			children = (
				7B884A721DBED18900357290 /* Base */,
			);
			name = Main.storyboard;
			sourceTree = "<group>";
		};
		7B884A761DBED18900357290 /* LaunchScreen.storyboard */ = {
			isa = PBXVariantGroup;
			children = (
				7B884A771DBED18900357290 /* Base */,
			);
			name = LaunchScreen.storyboard;
			sourceTree = "<group>";
		};
/* End PBXVariantGroup section */

/* Begin XCBuildConfiguration section */
		7B884A851DBED18900357290 /* Debug */ = {
			isa = XCBuildConfiguration;
			buildSettings = {
				ALWAYS_SEARCH_USER_PATHS = NO;
				CLANG_ANALYZER_NONNULL = YES;
				CLANG_CXX_LANGUAGE_STANDARD = "gnu++0x";
				CLANG_CXX_LIBRARY = "libc++";
				CLANG_ENABLE_MODULES = YES;
				CLANG_ENABLE_OBJC_ARC = YES;
				CLANG_WARN_BOOL_CONVERSION = YES;
				CLANG_WARN_CONSTANT_CONVERSION = YES;
				CLANG_WARN_DIRECT_OBJC_ISA_USAGE = YES_ERROR;
				CLANG_WARN_DOCUMENTATION_COMMENTS = YES;
				CLANG_WARN_EMPTY_BODY = YES;
				CLANG_WARN_ENUM_CONVERSION = YES;
				CLANG_WARN_INFINITE_RECURSION = YES;
				CLANG_WARN_INT_CONVERSION = YES;
				CLANG_WARN_OBJC_ROOT_CLASS = YES_ERROR;
				CLANG_WARN_SUSPICIOUS_MOVES = YES;
				CLANG_WARN_UNREACHABLE_CODE = YES;
				CLANG_WARN__DUPLICATE_METHOD_MATCH = YES;
				"CODE_SIGN_IDENTITY[sdk=iphoneos*]" = "iPhone Developer";
				COPY_PHASE_STRIP = NO;
				DEBUG_INFORMATION_FORMAT = dwarf;
				ENABLE_STRICT_OBJC_MSGSEND = YES;
				ENABLE_TESTABILITY = YES;
				GCC_C_LANGUAGE_STANDARD = gnu99;
				GCC_DYNAMIC_NO_PIC = NO;
				GCC_NO_COMMON_BLOCKS = YES;
				GCC_OPTIMIZATION_LEVEL = 0;
				GCC_PREPROCESSOR_DEFINITIONS = (
					"DEBUG=1",
					"$(inherited)",
				);
				GCC_WARN_64_TO_32_BIT_CONVERSION = YES;
				GCC_WARN_ABOUT_RETURN_TYPE = YES_ERROR;
				GCC_WARN_UNDECLARED_SELECTOR = YES;
				GCC_WARN_UNINITIALIZED_AUTOS = YES_AGGRESSIVE;
				GCC_WARN_UNUSED_FUNCTION = YES;
				GCC_WARN_UNUSED_VARIABLE = YES;
				IPHONEOS_DEPLOYMENT_TARGET = 10.0;
				MTL_ENABLE_DEBUG_INFO = YES;
				ONLY_ACTIVE_ARCH = YES;
				SDKROOT = iphoneos;
				SWIFT_ACTIVE_COMPILATION_CONDITIONS = DEBUG;
				SWIFT_OPTIMIZATION_LEVEL = "-Onone";
				TARGETED_DEVICE_FAMILY = "1,2";
			};
			name = Debug;
		};
		7B884A861DBED18900357290 /* Release */ = {
			isa = XCBuildConfiguration;
			buildSettings = {
				ALWAYS_SEARCH_USER_PATHS = NO;
				CLANG_ANALYZER_NONNULL = YES;
				CLANG_CXX_LANGUAGE_STANDARD = "gnu++0x";
				CLANG_CXX_LIBRARY = "libc++";
				CLANG_ENABLE_MODULES = YES;
				CLANG_ENABLE_OBJC_ARC = YES;
				CLANG_WARN_BOOL_CONVERSION = YES;
				CLANG_WARN_CONSTANT_CONVERSION = YES;
				CLANG_WARN_DIRECT_OBJC_ISA_USAGE = YES_ERROR;
				CLANG_WARN_DOCUMENTATION_COMMENTS = YES;
				CLANG_WARN_EMPTY_BODY = YES;
				CLANG_WARN_ENUM_CONVERSION = YES;
				CLANG_WARN_INFINITE_RECURSION = YES;
				CLANG_WARN_INT_CONVERSION = YES;
				CLANG_WARN_OBJC_ROOT_CLASS = YES_ERROR;
				CLANG_WARN_SUSPICIOUS_MOVES = YES;
				CLANG_WARN_UNREACHABLE_CODE = YES;
				CLANG_WARN__DUPLICATE_METHOD_MATCH = YES;
				"CODE_SIGN_IDENTITY[sdk=iphoneos*]" = "iPhone Developer";
				COPY_PHASE_STRIP = NO;
				DEBUG_INFORMATION_FORMAT = "dwarf-with-dsym";
				ENABLE_NS_ASSERTIONS = NO;
				ENABLE_STRICT_OBJC_MSGSEND = YES;
				GCC_C_LANGUAGE_STANDARD = gnu99;
				GCC_NO_COMMON_BLOCKS = YES;
				GCC_WARN_64_TO_32_BIT_CONVERSION = YES;
				GCC_WARN_ABOUT_RETURN_TYPE = YES_ERROR;
				GCC_WARN_UNDECLARED_SELECTOR = YES;
				GCC_WARN_UNINITIALIZED_AUTOS = YES_AGGRESSIVE;
				GCC_WARN_UNUSED_FUNCTION = YES;
				GCC_WARN_UNUSED_VARIABLE = YES;
				IPHONEOS_DEPLOYMENT_TARGET = 10.0;
				MTL_ENABLE_DEBUG_INFO = NO;
				SDKROOT = iphoneos;
				SWIFT_OPTIMIZATION_LEVEL = "-Owholemodule";
				TARGETED_DEVICE_FAMILY = "1,2";
				VALIDATE_PRODUCT = YES;
			};
			name = Release;
		};
		7B884A881DBED18900357290 /* Debug */ = {
			isa = XCBuildConfiguration;
			buildSettings = {
				ASSETCATALOG_COMPILER_APPICON_NAME = AppIcon;
				DEVELOPMENT_TEAM = TP9E7CXU62;
				INFOPLIST_FILE = TacoPOP/Info.plist;
				LD_RUNPATH_SEARCH_PATHS = "$(inherited) @executable_path/Frameworks";
				PRODUCT_BUNDLE_IDENTIFIER = com.yato.TacoPOP;
				PRODUCT_NAME = "$(TARGET_NAME)";
				SWIFT_VERSION = 3.0;
			};
			name = Debug;
		};
		7B884A891DBED18900357290 /* Release */ = {
			isa = XCBuildConfiguration;
			buildSettings = {
				ASSETCATALOG_COMPILER_APPICON_NAME = AppIcon;
				DEVELOPMENT_TEAM = TP9E7CXU62;
				INFOPLIST_FILE = TacoPOP/Info.plist;
				LD_RUNPATH_SEARCH_PATHS = "$(inherited) @executable_path/Frameworks";
				PRODUCT_BUNDLE_IDENTIFIER = com.yato.TacoPOP;
				PRODUCT_NAME = "$(TARGET_NAME)";
				SWIFT_VERSION = 3.0;
			};
			name = Release;
		};
		7B884A8B1DBED18900357290 /* Debug */ = {
			isa = XCBuildConfiguration;
			buildSettings = {
				ALWAYS_EMBED_SWIFT_STANDARD_LIBRARIES = YES;
				BUNDLE_LOADER = "$(TEST_HOST)";
				DEVELOPMENT_TEAM = TP9E7CXU62;
				INFOPLIST_FILE = TacoPOPTests/Info.plist;
				LD_RUNPATH_SEARCH_PATHS = "$(inherited) @executable_path/Frameworks @loader_path/Frameworks";
				PRODUCT_BUNDLE_IDENTIFIER = com.yato.TacoPOPTests;
				PRODUCT_NAME = "$(TARGET_NAME)";
				SWIFT_VERSION = 3.0;
				TEST_HOST = "$(BUILT_PRODUCTS_DIR)/TacoPOP.app/TacoPOP";
			};
			name = Debug;
		};
		7B884A8C1DBED18900357290 /* Release */ = {
			isa = XCBuildConfiguration;
			buildSettings = {
				ALWAYS_EMBED_SWIFT_STANDARD_LIBRARIES = YES;
				BUNDLE_LOADER = "$(TEST_HOST)";
				DEVELOPMENT_TEAM = TP9E7CXU62;
				INFOPLIST_FILE = TacoPOPTests/Info.plist;
				LD_RUNPATH_SEARCH_PATHS = "$(inherited) @executable_path/Frameworks @loader_path/Frameworks";
				PRODUCT_BUNDLE_IDENTIFIER = com.yato.TacoPOPTests;
				PRODUCT_NAME = "$(TARGET_NAME)";
				SWIFT_VERSION = 3.0;
				TEST_HOST = "$(BUILT_PRODUCTS_DIR)/TacoPOP.app/TacoPOP";
			};
			name = Release;
		};
/* End XCBuildConfiguration section */

/* Begin XCConfigurationList section */
		7B884A651DBED18900357290 /* Build configuration list for PBXProject "TacoPOP" */ = {
			isa = XCConfigurationList;
			buildConfigurations = (
				7B884A851DBED18900357290 /* Debug */,
				7B884A861DBED18900357290 /* Release */,
			);
			defaultConfigurationIsVisible = 0;
			defaultConfigurationName = Release;
		};
		7B884A871DBED18900357290 /* Build configuration list for PBXNativeTarget "TacoPOP" */ = {
			isa = XCConfigurationList;
			buildConfigurations = (
				7B884A881DBED18900357290 /* Debug */,
				7B884A891DBED18900357290 /* Release */,
			);
			defaultConfigurationIsVisible = 0;
		};
		7B884A8A1DBED18900357290 /* Build configuration list for PBXNativeTarget "TacoPOPTests" */ = {
			isa = XCConfigurationList;
			buildConfigurations = (
				7B884A8B1DBED18900357290 /* Debug */,
				7B884A8C1DBED18900357290 /* Release */,
			);
			defaultConfigurationIsVisible = 0;
		};
/* End XCConfigurationList section */
	};
	rootObject = 7B884A621DBED18900357290 /* Project object */;
}
